
Microsoft Visual Studio Solution File, Format Version 12.00
# Visual Studio Version 16
VisualStudioVersion = 16.0.29201.188
MinimumVisualStudioVersion = 10.0.40219.1
Project("{FAE04EC0-301F-11D3-BF4B-00C04F79EFBC}") = "GraphCore", "GraphCore\GraphCore.csproj", "{47F01966-730C-49EE-AC41-204C4A422407}"
EndProject
Global
	GlobalSection(SolutionConfigurationPlatforms) = preSolution
		Debug|Any CPU = Debug|Any CPU
		Release|Any CPU = Release|Any CPU
	EndGlobalSection
	GlobalSection(ProjectConfigurationPlatforms) = postSolution
		{47F01966-730C-49EE-AC41-204C4A422407}.Debug|Any CPU.ActiveCfg = Debug|Any CPU
		{47F01966-730C-49EE-AC41-204C4A422407}.Debug|Any CPU.Build.0 = Debug|Any CPU
		{47F01966-730C-49EE-AC41-204C4A422407}.Release|Any CPU.ActiveCfg = Release|Any CPU
		{47F01966-730C-49EE-AC41-204C4A422407}.Release|Any CPU.Build.0 = Release|Any CPU
	EndGlobalSection
	GlobalSection(SolutionProperties) = preSolution
		HideSolutionNode = FALSE
	EndGlobalSection
	GlobalSection(ExtensibilityGlobals) = postSolution
		SolutionGuid = {8EE60D4A-F459-4356-9367-2FD9D5AF9F8E}
	EndGlobalSection
EndGlobal
